
Microsoft Visual Studio Solution File, Format Version 12.00
# Visual Studio 14
VisualStudioVersion = 14.0.25420.1
MinimumVisualStudioVersion = 10.0.40219.1
Project("{FAE04EC0-301F-11D3-BF4B-00C04F79EFBC}") = "Skarp", "Skarp\Skarp.csproj", "{539182E2-3A08-4B4F-8B68-368D003A89CD}"
EndProject
Project("{6141683F-8A12-4E36-9623-2EB02B2C2303}") = "Setup1", "Setup1\Setup1.isproj", "{56DEF56F-8F93-42BF-9F54-7D0E664EC0AF}"
EndProject
Project("{F088123C-0E9E-452A-89E6-6BA2F21D5CAC}") = "DiagrammeDesClassesUML", "DiagrammeDesClassesUML\DiagrammeDesClassesUML.modelproj", "{F71B49D4-5B9F-4C4B-9387-5205FDE15F0C}"
EndProject
Global
	GlobalSection(SolutionConfigurationPlatforms) = preSolution
		CD_ROM|Any CPU = CD_ROM|Any CPU
		Debug|Any CPU = Debug|Any CPU
		DVD-5|Any CPU = DVD-5|Any CPU
		Release|Any CPU = Release|Any CPU
		SingleImage|Any CPU = SingleImage|Any CPU
	EndGlobalSection
	GlobalSection(ProjectConfigurationPlatforms) = postSolution
		{539182E2-3A08-4B4F-8B68-368D003A89CD}.CD_ROM|Any CPU.ActiveCfg = Release|Any CPU
		{539182E2-3A08-4B4F-8B68-368D003A89CD}.CD_ROM|Any CPU.Build.0 = Release|Any CPU
		{539182E2-3A08-4B4F-8B68-368D003A89CD}.Debug|Any CPU.ActiveCfg = Debug|Any CPU
		{539182E2-3A08-4B4F-8B68-368D003A89CD}.Debug|Any CPU.Build.0 = Debug|Any CPU
		{539182E2-3A08-4B4F-8B68-368D003A89CD}.DVD-5|Any CPU.ActiveCfg = Debug|Any CPU
		{539182E2-3A08-4B4F-8B68-368D003A89CD}.DVD-5|Any CPU.Build.0 = Debug|Any CPU
		{539182E2-3A08-4B4F-8B68-368D003A89CD}.Release|Any CPU.ActiveCfg = Release|Any CPU
		{539182E2-3A08-4B4F-8B68-368D003A89CD}.Release|Any CPU.Build.0 = Release|Any CPU
		{539182E2-3A08-4B4F-8B68-368D003A89CD}.SingleImage|Any CPU.ActiveCfg = Release|Any CPU
		{539182E2-3A08-4B4F-8B68-368D003A89CD}.SingleImage|Any CPU.Build.0 = Release|Any CPU
		{56DEF56F-8F93-42BF-9F54-7D0E664EC0AF}.CD_ROM|Any CPU.ActiveCfg = CD_ROM
		{56DEF56F-8F93-42BF-9F54-7D0E664EC0AF}.CD_ROM|Any CPU.Build.0 = CD_ROM
		{56DEF56F-8F93-42BF-9F54-7D0E664EC0AF}.Debug|Any CPU.ActiveCfg = DVD-5
		{56DEF56F-8F93-42BF-9F54-7D0E664EC0AF}.Debug|Any CPU.Build.0 = DVD-5
		{56DEF56F-8F93-42BF-9F54-7D0E664EC0AF}.DVD-5|Any CPU.ActiveCfg = DVD-5
		{56DEF56F-8F93-42BF-9F54-7D0E664EC0AF}.DVD-5|Any CPU.Build.0 = DVD-5
		{56DEF56F-8F93-42BF-9F54-7D0E664EC0AF}.Release|Any CPU.ActiveCfg = SingleImage
		{56DEF56F-8F93-42BF-9F54-7D0E664EC0AF}.Release|Any CPU.Build.0 = SingleImage
		{56DEF56F-8F93-42BF-9F54-7D0E664EC0AF}.SingleImage|Any CPU.ActiveCfg = SingleImage
		{56DEF56F-8F93-42BF-9F54-7D0E664EC0AF}.SingleImage|Any CPU.Build.0 = SingleImage
		{F71B49D4-5B9F-4C4B-9387-5205FDE15F0C}.CD_ROM|Any CPU.ActiveCfg = Release|Any CPU
		{F71B49D4-5B9F-4C4B-9387-5205FDE15F0C}.CD_ROM|Any CPU.Build.0 = Release|Any CPU
		{F71B49D4-5B9F-4C4B-9387-5205FDE15F0C}.Debug|Any CPU.ActiveCfg = Debug|Any CPU
		{F71B49D4-5B9F-4C4B-9387-5205FDE15F0C}.Debug|Any CPU.Build.0 = Debug|Any CPU
		{F71B49D4-5B9F-4C4B-9387-5205FDE15F0C}.DVD-5|Any CPU.ActiveCfg = Debug|Any CPU
		{F71B49D4-5B9F-4C4B-9387-5205FDE15F0C}.DVD-5|Any CPU.Build.0 = Debug|Any CPU
		{F71B49D4-5B9F-4C4B-9387-5205FDE15F0C}.Release|Any CPU.ActiveCfg = Release|Any CPU
		{F71B49D4-5B9F-4C4B-9387-5205FDE15F0C}.Release|Any CPU.Build.0 = Release|Any CPU
		{F71B49D4-5B9F-4C4B-9387-5205FDE15F0C}.SingleImage|Any CPU.ActiveCfg = Release|Any CPU
		{F71B49D4-5B9F-4C4B-9387-5205FDE15F0C}.SingleImage|Any CPU.Build.0 = Release|Any CPU
	EndGlobalSection
	GlobalSection(SolutionProperties) = preSolution
		HideSolutionNode = FALSE
	EndGlobalSection
EndGlobal
